{
  "lockfileVersion": 2,
  "configVersion": 1,
  "workspaces": {
    "": {
      "name": "ghd",
      "dependencies": {
        "@d-dev/roar": "latest",
        "@inquirer/prompts": "latest",
      },
      "devDependencies": {
        "@biomejs/biome": "^2.4.5",
        "@d-dev/bin-upload": "latest",
        "@d-dev/changelog": "latest",
        "@types/bun": "latest",
        "typescript": "^5",
      },
    },
  },
  "packages": {
    "@biomejs/biome": ["@biomejs/biome@2.5.12", "", { "optionalDependencies": { "@biomejs/cli-darwin-arm64": "2.5.12", "@biomejs/cli-darwin-x64": "2.5.12", "@biomejs/cli-linux-arm64": "2.5.12", "@biomejs/cli-linux-arm64-musl": "2.5.12", "@biomejs/cli-linux-x64": "2.5.12", "@biomejs/cli-linux-x64-musl": "2.5.12", "@biomejs/cli-win32-arm64": "2.5.12", "@biomejs/cli-win32-x64": "2.5.12" }, "bin": { "biome": "bin/biome" } }, "sha512-Lw4VHZRebrReBBnlHa12JQjnIBm3JJAA55PDB9LbBVBF0q4RYphm6KfmIjqtPhf61MxZ5Q9KoK8R8x+7per5Aw=="],

    "@biomejs/cli-darwin-arm64": ["@biomejs/cli-darwin-arm64@2.5.12", "", { "os": "darwin", "cpu": "arm64" }, "sha512-lCRY1rwgNeWNgTr4DI/u6ZwXTRwRLHAvbaio1YLLGS+4r1nhvB2ssyPqIpfUSmRveNfv0fn/N58C7CAdK2XVrg=="],

    "@biomejs/cli-darwin-x64": ["@biomejs/cli-darwin-x64@2.5.12", "", { "os": "darwin", "cpu": "x64" }, "sha512-vhPgwnh+6tN3ArdAXuET99xaNbFt7CG82Bqn+omHVLC5xdVx45JsYjGPmUIGNzjDek5XdNCP1HKksK7fn8+3bQ=="],

    "@biomejs/cli-linux-arm64": ["@biomejs/cli-linux-arm64@2.5.12", "", { "os": "linux", "cpu": "arm64" }, "sha512-2gp8aVwXYKdAtmBfRFCUuyDMcfN1ahHqUkGfLYrZlNRFmryMATLVvJgWKvyA8wu4Rwn5OSxM1UcUmOuOFNGeBQ=="],

    "@biomejs/cli-linux-arm64-musl": ["@biomejs/cli-linux-arm64-musl@2.5.12", "", { "os": "linux", "cpu": "arm64" }, "sha512-couHYjFLL5uuI8ne6zhT7KwEsXo5YP7ry/2xmEqah7qanu0YmfDi3mwJg47YXSuv/NpZj22CZzcRH/5c4gjPSQ=="],

    "@biomejs/cli-linux-x64": ["@biomejs/cli-linux-x64@2.5.12", "", { "os": "linux", "cpu": "x64" }, "sha512-SnvOs3TSTiuia4SQOUNe1aWC9RT4+YkjcKnOhL/nsKOV0k5ycgBkDzF0lUxKn1V7Q8CLTRq6iV23ZAivHomRoA=="],

    "@biomejs/cli-linux-x64-musl": ["@biomejs/cli-linux-x64-musl@2.5.12", "", { "os": "linux", "cpu": "x64" }, "sha512-8A0oDW58/w9f/PQNYuq0sGUZtGtGrkNF4Z6n0PUoXpLCshi85vtKTv1XSznQawhdE4MXJ8ufpzHXyLFe87M/+w=="],

    "@biomejs/cli-win32-arm64": ["@biomejs/cli-win32-arm64@2.5.12", "", { "os": "win32", "cpu": "arm64" }, "sha512-b9vtoZFsuZt1pdjNwJvXl0f+BpayRzV008uS2+JpmwIKdSE2qdu4A/l04FESwLoou5g2E/Qlec0xwJydZplH+A=="],

    "@biomejs/cli-win32-x64": ["@biomejs/cli-win32-x64@2.5.12", "", { "os": "win32", "cpu": "x64" }, "sha512-B1R/l+CwEpKFSuqiwePzPNRk1EiJN8kc0UhdafNz6MZN9v5OFP9HYP1irptvWzHrwVI4blVNGMbxc5zt70m3IA=="],

    "@d-dev/bin-upload": ["@d-dev/bin-upload@0.3.0", "", { "optionalDependencies": { "@d-dev/bin-upload-darwin-arm64": "0.3.0", "@d-dev/bin-upload-darwin-x64": "0.3.0", "@d-dev/bin-upload-linux-arm64": "0.3.0", "@d-dev/bin-upload-linux-x64": "0.3.0", "@d-dev/bin-upload-win-arm64": "0.3.0", "@d-dev/bin-upload-win-x64": "0.3.0" }, "bin": { "bin-upload": "index.js" } }, "sha512-VyQeVo6StnazbcfIWPCc5jaEifUtcuKdf6XUu6H0QPKafRTNxhtRmt7mAd3DzRrgSBD7ZHMltRIimzz9K8lEkw=="],

    "@d-dev/bin-upload-darwin-arm64": ["@d-dev/bin-upload-darwin-arm64@0.3.0", "", { "os": "darwin", "cpu": "arm64" }, "sha512-XSORc1rPrg0ym0M3K7bHz+HPvf5vwVh0iQaCUtpTHM6EFldl7lKy/0NUDjJvAeBwDlF85Wa6iZ0GC0l0i9c3zw=="],

    "@d-dev/bin-upload-darwin-x64": ["@d-dev/bin-upload-darwin-x64@0.3.0", "", { "os": "darwin", "cpu": "x64" }, "sha512-eb5QeCf66MCQNjT6X4xG+wiSn8gMTTi0ECLpIe6O2kBj0e9p5z1/o3PdEUQ4E5mOkJ3M6gl8PFFZtkmNHKA+Bg=="],

    "@d-dev/bin-upload-linux-arm64": ["@d-dev/bin-upload-linux-arm64@0.3.0", "", { "os": "linux", "cpu": "arm64" }, "sha512-l6awlLN6NwOWZGUuV28BL+NnE8AhrzpPA1/A84aw/ORrFokFPnnLaLWll+JrMSaDHwPkvM23NPDh0ApjUuim7Q=="],

    "@d-dev/bin-upload-linux-x64": ["@d-dev/bin-upload-linux-x64@0.3.0", "", { "os": "linux", "cpu": "x64" }, "sha512-8UEwUlc9uYlhRDTC78q+jAJdLqwl5/cVl1o2DipM9L4lSklJkI5VhEf8u9BI5ELIs7Gs4fvqIDIqDldZoqNP/g=="],

    "@d-dev/bin-upload-win-arm64": ["@d-dev/bin-upload-win-arm64@0.3.0", "", { "os": "win32", "cpu": "arm64" }, "sha512-1Scs4Y28vuYQHCCoNG6kVMifLZp/ZxHnGdzxYZ2e0tTQUeREp1NOlmbRyAHWe25F2hAv8vKwNF5tTf+duu1JPA=="],

    "@d-dev/bin-upload-win-x64": ["@d-dev/bin-upload-win-x64@0.3.0", "", { "os": "win32", "cpu": "x64" }, "sha512-hoUFKOdVpSLb89V5W5kl2QigoB13ZGcjR5JkhYNA+NZHLkmiKaM6RnIhEkxUhmUcQb+qNP2ESq83UotjKaoD6w=="],

    "@d-dev/changelog": ["@d-dev/changelog@1.1.1", "", { "optionalDependencies": { "@d-dev/changelog-darwin-arm64": "1.1.1", "@d-dev/changelog-darwin-x64": "1.1.1", "@d-dev/changelog-linux-arm64": "1.1.1", "@d-dev/changelog-linux-x64": "1.1.1", "@d-dev/changelog-win-arm64": "1.1.1", "@d-dev/changelog-win-x64": "1.1.1" }, "bin": { "changelog": "index.js" } }, "sha512-fOTAP3j5IHNPYMJgYgstKAE6LzGN+9WPBAgS+dxk3a+LnDMx992HV0Cjy9vSaQcdcItsY2PxraGZ/XTWEvWe7g=="],

    "@d-dev/changelog-darwin-arm64": ["@d-dev/changelog-darwin-arm64@1.1.1", "", { "os": "darwin", "cpu": "arm64" }, "sha512-17WIDe5hqWEqz635fKY9TuetE3jwXlYq5jjUywFte2IGxUhi+uObXMU7torb00YxJmy8UmriLkrYjZcBtWPnKw=="],

    "@d-dev/changelog-darwin-x64": ["@d-dev/changelog-darwin-x64@1.1.1", "", { "os": "darwin", "cpu": "x64" }, "sha512-kAiNoQoi1VJWazagwdzLOT8lxIAyXGul1fJTkfEas3RAB7EumdhWktn4KEONF4I+ySJGRC8t16ofAidg6a9ERw=="],

    "@d-dev/changelog-linux-arm64": ["@d-dev/changelog-linux-arm64@1.1.1", "", { "os": "linux", "cpu": "arm64" }, "sha512-nQ5sj0SgOSpcUboj9/7vifknWaQY0zK/D9Ps2BVreJQbUXfSY1TO1K4Ftp3In5lcee8xMH87BGywxMp/jy/hXw=="],

    "@d-dev/changelog-linux-x64": ["@d-dev/changelog-linux-x64@1.1.1", "", { "os": "linux", "cpu": "x64" }, "sha512-YjpTa5QpX7hOJU+nOYqVZLGr9UQvFMn0nvh4HEcZZDgRQ4noeOOk4oUr46g13swRkDs+6vJYnCb91TYektM0iQ=="],

    "@d-dev/changelog-win-arm64": ["@d-dev/changelog-win-arm64@1.1.1", "", { "os": "win32", "cpu": "arm64" }, "sha512-SJjxD6NRkWw47/eA5wwTKqGaBbd34jt40E1LM/q6DxGF+YSP9Ee7uomZO15ErKnJjes2Y/UgBb2aqZk+9Aqq8g=="],

    "@d-dev/changelog-win-x64": ["@d-dev/changelog-win-x64@1.1.1", "", { "os": "win32", "cpu": "x64" }, "sha512-8I+93pP+AHcg+ayF85eNdkcQpHQTEBlLcCcrpDoQXCYcbDus+8axPayGaQms+qBa0L1uTLJYgNJue5C/3dQgCw=="],

    "@d-dev/roar": ["@d-dev/roar@0.0.4", "", { "dependencies": { "meow": "^14.1.0" } }, "sha512-/pKTvvpef2pjXNnLpqsHyJRO41T/TZonhw3lNu97Y/7pPtub0Sz0vim+Ajrgp27Ye8D5dPn/m0ckoZJUFy86jg=="],

    "@inquirer/ansi": ["@inquirer/ansi@2.0.8", "", {}, "sha512-WpQM+Ti6Z40EFwwt+uL2p4UabT+W179zHp6HhLVOzfbwnVn05IPO/eXIZXGNqcT1jbQ15SujNLzQ39k4QPPxBQ=="],

    "@inquirer/checkbox": ["@inquirer/checkbox@5.2.4", "", { "dependencies": { "@inquirer/ansi": "^2.0.8", "@inquirer/core": "^12.0.2", "@inquirer/figures": "^2.0.9", "@inquirer/type": "4.1.1" }, "peerDependencies": { "@types/node": ">=18" }, "optionalPeers": ["@types/node"] }, "sha512-oKT5RNeO9oKYizSyOxKb66IrKUsYVMQD2tnjllYW4wmSOe9WawfL3OE2p82JuvAyo+/nDIEem5P4Bm/ZIVYVew=="],

    "@inquirer/confirm": ["@inquirer/confirm@6.3.1", "", { "dependencies": { "@inquirer/core": "^12.0.2", "@inquirer/type": "4.1.1" }, "peerDependencies": { "@types/node": ">=18" }, "optionalPeers": ["@types/node"] }, "sha512-HvnOHal39DTenOVoRpIy8Z+n4YYfNa3Qhi/P8zFqn9/d1crpmQG0DPx34rwOeOFvotgKr9Vov/14OmKR/Iwfjw=="],

    "@inquirer/core": ["@inquirer/core@12.0.2", "", { "dependencies": { "@inquirer/ansi": "^2.0.8", "@inquirer/figures": "^2.0.9", "@inquirer/type": "4.1.1", "cli-width": "^4.1.0", "fast-wrap-ansi": "^0.2.0", "mute-stream": "^3.0.0", "signal-exit": "^4.1.0" }, "peerDependencies": { "@types/node": ">=18" }, "optionalPeers": ["@types/node"] }, "sha512-9pBhkxE14uUlnHhs8lOt7qVPtS4caRY6CjADl8COejl9Mf7w8i6Uoe3DrljCqYtmYM3Iv2Q6EmPxx/oTYbvTAQ=="],

    "@inquirer/editor": ["@inquirer/editor@5.3.2", "", { "dependencies": { "@inquirer/core": "^12.0.2", "@inquirer/external-editor": "^3.0.5", "@inquirer/type": "4.1.1" }, "peerDependencies": { "@types/node": ">=18" }, "optionalPeers": ["@types/node"] }, "sha512-7ruKO5d/wxhGHxdCQ3eyP/aBNrPTZ+Ju7ERtnAwuIsu0RSLs6kotlTRkOxHatbD6sDaEEdwsD82pzFiT9ESIyQ=="],

    "@inquirer/expand": ["@inquirer/expand@5.1.4", "", { "dependencies": { "@inquirer/core": "^12.0.2", "@inquirer/type": "4.1.1" }, "peerDependencies": { "@types/node": ">=18" }, "optionalPeers": ["@types/node"] }, "sha512-12o4aYnjWouoq0fyVhYIL+hwXAaga+kntA/wrijFmVvn2heinkdvkbEXRt1Ob/9IOJ285US5tntjfI/Ukt2YkA=="],

    "@inquirer/external-editor": ["@inquirer/external-editor@3.0.5", "", { "dependencies": { "chardet": "^2.1.1", "iconv-lite": "^0.7.2" }, "peerDependencies": { "@types/node": ">=18" }, "optionalPeers": ["@types/node"] }, "sha512-f3QQJRIX5ZEneBHNUIuPjmbdzHnmRFJA8r2dkcb8q+OM5Uv5KtnuAttQumnrjcBVBM3mcTX1CkmtAkU58VRZxg=="],

    "@inquirer/figures": ["@inquirer/figures@2.0.9", "", {}, "sha512-EAWgUTGQ/Umgga51dE3B2PUHbufuXarDfg86uVgoSgNHNNQnyFKcOrQLWVqYMghuSyHh8+2HUH0Js9cTC1WAdg=="],

    "@inquirer/input": ["@inquirer/input@5.1.5", "", { "dependencies": { "@inquirer/core": "^12.0.2", "@inquirer/type": "4.1.1" }, "peerDependencies": { "@types/node": ">=18" }, "optionalPeers": ["@types/node"] }, "sha512-2MkYYFD1Owt1eRBwHhsLSutysRodWasA4DVpl42KJKGmzwBTXRYAIXujisrt0UW0UohUlMjNjLfMDbw4emRbfw=="],

    "@inquirer/number": ["@inquirer/number@4.2.2", "", { "dependencies": { "@inquirer/core": "^12.0.2", "@inquirer/type": "4.1.1" }, "peerDependencies": { "@types/node": ">=18" }, "optionalPeers": ["@types/node"] }, "sha512-tjW1gMIQsFb/9Ie11i8SpuPARBdyCVfC5XOeVugWovrdm8CpjzN+A1CBX5QwCCN2mtNmpgDDCnuLCCT94cQ5zA=="],

    "@inquirer/password": ["@inquirer/password@5.2.1", "", { "dependencies": { "@inquirer/ansi": "^2.0.8", "@inquirer/core": "^12.0.2", "@inquirer/type": "4.1.1" }, "peerDependencies": { "@types/node": ">=18" }, "optionalPeers": ["@types/node"] }, "sha512-InA6nJxMCXPavPBiTKYHIsYiWz/mkIsk1rkI6pKp5w18gVawqrZOj7eSzSmPJa3j0pVxXm6RlrFP1BE9YeOixA=="],

    "@inquirer/prompts": ["@inquirer/prompts@8.7.1", "", { "dependencies": { "@inquirer/checkbox": "^5.2.4", "@inquirer/confirm": "^6.3.1", "@inquirer/editor": "^5.3.2", "@inquirer/expand": "^5.1.4", "@inquirer/input": "^5.1.5", "@inquirer/number": "^4.2.2", "@inquirer/password": "^5.2.1", "@inquirer/rawlist": "^5.3.4", "@inquirer/search": "^4.3.2", "@inquirer/select": "^5.2.4" }, "peerDependencies": { "@types/node": ">=18" }, "optionalPeers": ["@types/node"] }, "sha512-xJIKWyrFNUKj3R5VEub/iKodG9Sh/MbCeApZUbATJgHTw8YoAJ2gOT78HlvO6NMFiRvjm6ySM7aiAew/zVY0Sw=="],

    "@inquirer/rawlist": ["@inquirer/rawlist@5.3.4", "", { "dependencies": { "@inquirer/core": "^12.0.2", "@inquirer/type": "4.1.1" }, "peerDependencies": { "@types/node": ">=18" }, "optionalPeers": ["@types/node"] }, "sha512-c4fDwOpQsjJDHjXdHJE1/xXH6w9/BAiyu3QKzH9Ww5Xm1q37mzyUNa20L7qdtM1ECi4e+oUEKjhK8hR37OMAMQ=="],

    "@inquirer/search": ["@inquirer/search@4.3.2", "", { "dependencies": { "@inquirer/core": "^12.0.2", "@inquirer/figures": "^2.0.9", "@inquirer/type": "4.1.1" }, "peerDependencies": { "@types/node": ">=18" }, "optionalPeers": ["@types/node"] }, "sha512-YIaEhWmfkdHEWOKwhF/oJar35FFTTrAdzNbJDo9lSsRT6E/obRPx9oVm4rkTMtlcJSqGYttNtLbcHQef9Qw2yw=="],

    "@inquirer/select": ["@inquirer/select@5.2.4", "", { "dependencies": { "@inquirer/ansi": "^2.0.8", "@inquirer/core": "^12.0.2", "@inquirer/figures": "^2.0.9", "@inquirer/type": "4.1.1" }, "peerDependencies": { "@types/node": ">=18" }, "optionalPeers": ["@types/node"] }, "sha512-L9ubNaJdoBsiom/AfPKq0QLHTkhhCFCtszzdVidGremrlJjPZfGlmvp+IULKIbnYjtVFWnvb4mhiEdNTZ12ugA=="],

    "@inquirer/type": ["@inquirer/type@4.1.1", "", { "peerDependencies": { "@types/node": ">=18" }, "optionalPeers": ["@types/node"] }, "sha512-yJoHYrMnxIsJZCY+0Vb66Dy3he3kL3e2wOBKhoSwWWAzZAY82emlxwgprCtp6yRixvNRNq9ztfRWQYPNr3Go7A=="],

    "@types/bun": ["@types/bun@1.4.0", "", { "dependencies": { "bun-types": "1.4.0" } }, "sha512-K+lZULY23vRgK/CfTjFIV+tyifaNdSMlPh9j+6mQ/cLfpOznLyAuzgV/JQysyECpkBQLVMSyvjlr2fBUSA9wFQ=="],

    "@types/node": ["@types/node@26.4.1", "", { "dependencies": { "undici-types": "~8.3.0" } }, "sha512-k97ENvZWtvA6yqz5/FS6a7duDgOPEeOQOc2iKS/nY6mX6qJUKtLnWzQS+Xj6tXweyj6ZcTAK2Qecetnvi9nCLA=="],

    "bun-types": ["bun-types@1.4.0", "", { "dependencies": { "@types/node": "*" } }, "sha512-iIKw23BspnQQYd3prITOBxeUsxBHnwzX6YJfGMuNOZzeNcMmVqzIIVGRm1l69ogaPQmb4wB6BN8mA5bE9YuC5Q=="],

    "chardet": ["chardet@2.2.0", "", {}, "sha512-rddelWYNPRrXq6PtNEN2S3f6t9ILzvqaN5pVgi4kqt9jHQaXIial9PznB5iSPVlQSLNaaH22ItWz3EJtQ10+OA=="],

    "cli-width": ["cli-width@4.1.0", "", {}, "sha512-ouuZd4/dm2Sw5Gmqy6bGyNNNe1qt9RpmxveLSO7KcgsTnU7RXfsw+/bukWGo1abgBiMAic068rclZsO4IWmmxQ=="],

    "fast-string-truncated-width": ["fast-string-truncated-width@3.0.3", "", {}, "sha512-0jjjIEL6+0jag3l2XWWizO64/aZVtpiGE3t0Zgqxv0DPuxiMjvB3M24fCyhZUO4KomJQPj3LTSUnDP3GpdwC0g=="],

    "fast-string-width": ["fast-string-width@3.0.2", "", { "dependencies": { "fast-string-truncated-width": "^3.0.2" } }, "sha512-gX8LrtNEI5hq8DVUfRQMbr5lpaS4nMIWV+7XEbXk2b8kiQIizgnlr12B4dA3ZEx3308ze0O4Q1R+cHts8kyUJg=="],

    "fast-wrap-ansi": ["fast-wrap-ansi@0.2.2", "", { "dependencies": { "fast-string-width": "^3.0.2" } }, "sha512-7F2Fl+TjRSenLqlU3UjSH0iyqopqoZIu7eZVpEirP2g1GtWa2G/ecEmBdgz31+Mxr+ELclgg6sokpSFIQiZ02Q=="],

    "iconv-lite": ["iconv-lite@0.7.3", "", { "dependencies": { "safer-buffer": ">= 2.1.2 < 3.0.0" } }, "sha512-IKXpvIzjnC9XTAUbVBcMfGS0EPaIXtW6v+zr+RRp+hqULEpo0owZax6wyRwPOJbWbzjYspQwusTsfVr0ifh4uQ=="],

    "meow": ["meow@14.1.0", "", {}, "sha512-EDYo6VlmtnumlcBCbh1gLJ//9jvM/ndXHfVXIFrZVr6fGcwTUyCTFNTLCKuY3ffbK8L/+3Mzqnd58RojiZqHVw=="],

    "mute-stream": ["mute-stream@3.0.0", "", {}, "sha512-dkEJPVvun4FryqBmZ5KhDo0K9iDXAwn08tMLDinNdRBNPcYEDiWYysLcc6k3mjTMlbP9KyylvRpd4wFtwrT9rw=="],

    "safer-buffer": ["safer-buffer@2.1.2", "", {}, "sha512-YZo3K82SD7Riyi0E1EQPojLz7kpepnSQI9IyPbHHg1XXXevb5dJI7tpyN2ADxGcQbHG7vcyRHk0cbwqcQriUtg=="],

    "signal-exit": ["signal-exit@4.1.0", "", {}, "sha512-bzyZ1e88w9O1iNJbKnOlvYTrWPDl46O1bG0D3XInv+9tkPrxrN8jUUTiFlDkkmKWgn1M6CfIA13SuGqOa9Korw=="],

    "typescript": ["typescript@5.9.3", "", { "bin": { "tsc": "bin/tsc", "tsserver": "bin/tsserver" } }, "sha512-jl1vZzPDinLr9eUt3J/t7V6FgNEw9QjvBPdysz9KfQDD41fQrC2Y4vKQdiaUpFT4bXlb1RHhLpp8wtm6M5TgSw=="],

    "undici-types": ["undici-types@8.3.0", "", {}, "sha512-j375ScV60dom+YkPFIfTLcOiPxkN/buHz5GobjLhixFuANaNs3C9l4GmrWqejgXWJ7BbJcFYpTEUkS1Ge8bpZQ=="],
  }
}
